
Microsoft Visual Studio Solution File, Format Version 12.00
# Visual Studio Version 16
VisualStudioVersion = 16.0.30523.141
MinimumVisualStudioVersion = 10.0.40219.1
Project("{FAE04EC0-301F-11D3-BF4B-00C04F79EFBC}") = "DBRepoTestApp1", "DBRepoTestApp1\DBRepoTestApp1.csproj", "{F7970E48-0ACC-469D-9FB7-B6B021B50309}"
EndProject
Global
	GlobalSection(SolutionConfigurationPlatforms) = preSolution
		Debug|Any CPU = Debug|Any CPU
		Release|Any CPU = Release|Any CPU
	EndGlobalSection
	GlobalSection(ProjectConfigurationPlatforms) = postSolution
		{F7970E48-0ACC-469D-9FB7-B6B021B50309}.Debug|Any CPU.ActiveCfg = Debug|Any CPU
		{F7970E48-0ACC-469D-9FB7-B6B021B50309}.Debug|Any CPU.Build.0 = Debug|Any CPU
		{F7970E48-0ACC-469D-9FB7-B6B021B50309}.Release|Any CPU.ActiveCfg = Release|Any CPU
		{F7970E48-0ACC-469D-9FB7-B6B021B50309}.Release|Any CPU.Build.0 = Release|Any CPU
	EndGlobalSection
	GlobalSection(SolutionProperties) = preSolution
		HideSolutionNode = FALSE
	EndGlobalSection
	GlobalSection(ExtensibilityGlobals) = postSolution
		SolutionGuid = {76178D4B-8EAC-4A93-BD5E-1F007BC986F0}
	EndGlobalSection
EndGlobal
